
Microsoft Visual Studio Solution File, Format Version 12.00
# Visual Studio Version 17
VisualStudioVersion = 17.0.31903.59
MinimumVisualStudioVersion = 10.0.40219.1
Project("{FAE04EC0-301F-11D3-BF4B-00C04F79EFBC}") = "Kariera.ApiGateway", "Kariera.ApiGateway\Kariera.ApiGateway.csproj", "{AB4973B9-F53B-42A4-AE47-F0625D88A3C6}"
EndProject
Project("{FAE04EC0-301F-11D3-BF4B-00C04F79EFBC}") = "Kariera.UserService", "Kariera.UserService\Kariera.UserService.csproj", "{61197566-760E-4077-B7B4-618B26A3F943}"
EndProject
Project("{FAE04EC0-301F-11D3-BF4B-00C04F79EFBC}") = "Kariera.JobService", "Kariera.JobService\Kariera.JobService.csproj", "{604CFAB3-6EC5-41E9-AE8C-1C8F4BFD2234}"
EndProject
Project("{FAE04EC0-301F-11D3-BF4B-00C04F79EFBC}") = "Kariera.RecommendationService", "Kariera.RecommendationService\Kariera.RecommendationService.csproj", "{3E37E3B1-30AB-45FA-AC17-E62044C1350A}"
EndProject
Project("{FAE04EC0-301F-11D3-BF4B-00C04F79EFBC}") = "Kariera.NotificationService", "Kariera.NotificationService\Kariera.NotificationService.csproj", "{7E8576C5-D274-44E2-8835-252844A1735C}"
EndProject
Project("{FAE04EC0-301F-11D3-BF4B-00C04F79EFBC}") = "Kariera.Shared", "Kariera.Shared\Kariera.Shared.csproj", "{C4DBD50F-A578-4064-BCA9-0C6E641E86FD}"
EndProject
Global
	GlobalSection(SolutionConfigurationPlatforms) = preSolution
		Debug|Any CPU = Debug|Any CPU
		Debug|x64 = Debug|x64
		Debug|x86 = Debug|x86
		Release|Any CPU = Release|Any CPU
		Release|x64 = Release|x64
		Release|x86 = Release|x86
	EndGlobalSection
	GlobalSection(ProjectConfigurationPlatforms) = postSolution
		{AB4973B9-F53B-42A4-AE47-F0625D88A3C6}.Debug|Any CPU.ActiveCfg = Debug|Any CPU
		{AB4973B9-F53B-42A4-AE47-F0625D88A3C6}.Debug|Any CPU.Build.0 = Debug|Any CPU
		{AB4973B9-F53B-42A4-AE47-F0625D88A3C6}.Debug|x64.ActiveCfg = Debug|Any CPU
		{AB4973B9-F53B-42A4-AE47-F0625D88A3C6}.Debug|x64.Build.0 = Debug|Any CPU
		{AB4973B9-F53B-42A4-AE47-F0625D88A3C6}.Debug|x86.ActiveCfg = Debug|Any CPU
		{AB4973B9-F53B-42A4-AE47-F0625D88A3C6}.Debug|x86.Build.0 = Debug|Any CPU
		{AB4973B9-F53B-42A4-AE47-F0625D88A3C6}.Release|Any CPU.ActiveCfg = Release|Any CPU
		{AB4973B9-F53B-42A4-AE47-F0625D88A3C6}.Release|Any CPU.Build.0 = Release|Any CPU
		{AB4973B9-F53B-42A4-AE47-F0625D88A3C6}.Release|x64.ActiveCfg = Release|Any CPU
		{AB4973B9-F53B-42A4-AE47-F0625D88A3C6}.Release|x64.Build.0 = Release|Any CPU
		{AB4973B9-F53B-42A4-AE47-F0625D88A3C6}.Release|x86.ActiveCfg = Release|Any CPU
		{AB4973B9-F53B-42A4-AE47-F0625D88A3C6}.Release|x86.Build.0 = Release|Any CPU
		{61197566-760E-4077-B7B4-618B26A3F943}.Debug|Any CPU.ActiveCfg = Debug|Any CPU
		{61197566-760E-4077-B7B4-618B26A3F943}.Debug|Any CPU.Build.0 = Debug|Any CPU
		{61197566-760E-4077-B7B4-618B26A3F943}.Debug|x64.ActiveCfg = Debug|Any CPU
		{61197566-760E-4077-B7B4-618B26A3F943}.Debug|x64.Build.0 = Debug|Any CPU
		{61197566-760E-4077-B7B4-618B26A3F943}.Debug|x86.ActiveCfg = Debug|Any CPU
		{61197566-760E-4077-B7B4-618B26A3F943}.Debug|x86.Build.0 = Debug|Any CPU
		{61197566-760E-4077-B7B4-618B26A3F943}.Release|Any CPU.ActiveCfg = Release|Any CPU
		{61197566-760E-4077-B7B4-618B26A3F943}.Release|Any CPU.Build.0 = Release|Any CPU
		{61197566-760E-4077-B7B4-618B26A3F943}.Release|x64.ActiveCfg = Release|Any CPU
		{61197566-760E-4077-B7B4-618B26A3F943}.Release|x64.Build.0 = Release|Any CPU
		{61197566-760E-4077-B7B4-618B26A3F943}.Release|x86.ActiveCfg = Release|Any CPU
		{61197566-760E-4077-B7B4-618B26A3F943}.Release|x86.Build.0 = Release|Any CPU
		{604CFAB3-6EC5-41E9-AE8C-1C8F4BFD2234}.Debug|Any CPU.ActiveCfg = Debug|Any CPU
		{604CFAB3-6EC5-41E9-AE8C-1C8F4BFD2234}.Debug|Any CPU.Build.0 = Debug|Any CPU
		{604CFAB3-6EC5-41E9-AE8C-1C8F4BFD2234}.Debug|x64.ActiveCfg = Debug|Any CPU
		{604CFAB3-6EC5-41E9-AE8C-1C8F4BFD2234}.Debug|x64.Build.0 = Debug|Any CPU
		{604CFAB3-6EC5-41E9-AE8C-1C8F4BFD2234}.Debug|x86.ActiveCfg = Debug|Any CPU
		{604CFAB3-6EC5-41E9-AE8C-1C8F4BFD2234}.Debug|x86.Build.0 = Debug|Any CPU
		{604CFAB3-6EC5-41E9-AE8C-1C8F4BFD2234}.Release|Any CPU.ActiveCfg = Release|Any CPU
		{604CFAB3-6EC5-41E9-AE8C-1C8F4BFD2234}.Release|Any CPU.Build.0 = Release|Any CPU
		{604CFAB3-6EC5-41E9-AE8C-1C8F4BFD2234}.Release|x64.ActiveCfg = Release|Any CPU
		{604CFAB3-6EC5-41E9-AE8C-1C8F4BFD2234}.Release|x64.Build.0 = Release|Any CPU
		{604CFAB3-6EC5-41E9-AE8C-1C8F4BFD2234}.Release|x86.ActiveCfg = Release|Any CPU
		{604CFAB3-6EC5-41E9-AE8C-1C8F4BFD2234}.Release|x86.Build.0 = Release|Any CPU
		{3E37E3B1-30AB-45FA-AC17-E62044C1350A}.Debug|Any CPU.ActiveCfg = Debug|Any CPU
		{3E37E3B1-30AB-45FA-AC17-E62044C1350A}.Debug|Any CPU.Build.0 = Debug|Any CPU
		{3E37E3B1-30AB-45FA-AC17-E62044C1350A}.Debug|x64.ActiveCfg = Debug|Any CPU
		{3E37E3B1-30AB-45FA-AC17-E62044C1350A}.Debug|x64.Build.0 = Debug|Any CPU
		{3E37E3B1-30AB-45FA-AC17-E62044C1350A}.Debug|x86.ActiveCfg = Debug|Any CPU
		{3E37E3B1-30AB-45FA-AC17-E62044C1350A}.Debug|x86.Build.0 = Debug|Any CPU
		{3E37E3B1-30AB-45FA-AC17-E62044C1350A}.Release|Any CPU.ActiveCfg = Release|Any CPU
		{3E37E3B1-30AB-45FA-AC17-E62044C1350A}.Release|Any CPU.Build.0 = Release|Any CPU
		{3E37E3B1-30AB-45FA-AC17-E62044C1350A}.Release|x64.ActiveCfg = Release|Any CPU
		{3E37E3B1-30AB-45FA-AC17-E62044C1350A}.Release|x64.Build.0 = Release|Any CPU
		{3E37E3B1-30AB-45FA-AC17-E62044C1350A}.Release|x86.ActiveCfg = Release|Any CPU
		{3E37E3B1-30AB-45FA-AC17-E62044C1350A}.Release|x86.Build.0 = Release|Any CPU
		{7E8576C5-D274-44E2-8835-252844A1735C}.Debug|Any CPU.ActiveCfg = Debug|Any CPU
		{7E8576C5-D274-44E2-8835-252844A1735C}.Debug|Any CPU.Build.0 = Debug|Any CPU
		{7E8576C5-D274-44E2-8835-252844A1735C}.Debug|x64.ActiveCfg = Debug|Any CPU
		{7E8576C5-D274-44E2-8835-252844A1735C}.Debug|x64.Build.0 = Debug|Any CPU
		{7E8576C5-D274-44E2-8835-252844A1735C}.Debug|x86.ActiveCfg = Debug|Any CPU
		{7E8576C5-D274-44E2-8835-252844A1735C}.Debug|x86.Build.0 = Debug|Any CPU
		{7E8576C5-D274-44E2-8835-252844A1735C}.Release|Any CPU.ActiveCfg = Release|Any CPU
		{7E8576C5-D274-44E2-8835-252844A1735C}.Release|Any CPU.Build.0 = Release|Any CPU
		{7E8576C5-D274-44E2-8835-252844A1735C}.Release|x64.ActiveCfg = Release|Any CPU
		{7E8576C5-D274-44E2-8835-252844A1735C}.Release|x64.Build.0 = Release|Any CPU
		{7E8576C5-D274-44E2-8835-252844A1735C}.Release|x86.ActiveCfg = Release|Any CPU
		{7E8576C5-D274-44E2-8835-252844A1735C}.Release|x86.Build.0 = Release|Any CPU
		{C4DBD50F-A578-4064-BCA9-0C6E641E86FD}.Debug|Any CPU.ActiveCfg = Debug|Any CPU
		{C4DBD50F-A578-4064-BCA9-0C6E641E86FD}.Debug|Any CPU.Build.0 = Debug|Any CPU
		{C4DBD50F-A578-4064-BCA9-0C6E641E86FD}.Debug|x64.ActiveCfg = Debug|Any CPU
		{C4DBD50F-A578-4064-BCA9-0C6E641E86FD}.Debug|x64.Build.0 = Debug|Any CPU
		{C4DBD50F-A578-4064-BCA9-0C6E641E86FD}.Debug|x86.ActiveCfg = Debug|Any CPU
		{C4DBD50F-A578-4064-BCA9-0C6E641E86FD}.Debug|x86.Build.0 = Debug|Any CPU
		{C4DBD50F-A578-4064-BCA9-0C6E641E86FD}.Release|Any CPU.ActiveCfg = Release|Any CPU
		{C4DBD50F-A578-4064-BCA9-0C6E641E86FD}.Release|Any CPU.Build.0 = Release|Any CPU
		{C4DBD50F-A578-4064-BCA9-0C6E641E86FD}.Release|x64.ActiveCfg = Release|Any CPU
		{C4DBD50F-A578-4064-BCA9-0C6E641E86FD}.Release|x64.Build.0 = Release|Any CPU
		{C4DBD50F-A578-4064-BCA9-0C6E641E86FD}.Release|x86.ActiveCfg = Release|Any CPU
		{C4DBD50F-A578-4064-BCA9-0C6E641E86FD}.Release|x86.Build.0 = Release|Any CPU
	EndGlobalSection
	GlobalSection(SolutionProperties) = preSolution
		HideSolutionNode = FALSE
	EndGlobalSection
EndGlobal
